<?xml version="1.0"?>
<CONFIG>
  <ProjectOptions>
    <PathDelim Value="\"/>
    <Version Value="7"/>
    <General>
      <MainUnit Value="0"/>
      <TargetFileExt Value=".exe"/>
      <Title Value="xpl ping"/>
      <Icon Value="0"/>
      <UseXPManifest Value="True"/>
      <ActiveEditorIndexAtStart Value="0"/>
    </General>
    <VersionInfo>
      <ProjectVersion Value=""/>
    </VersionInfo>
    <PublishOptions>
      <Version Value="2"/>
      <IgnoreBinaries Value="False"/>
      <IncludeFileFilter Value="*.(pas|pp|inc|lfm|lpr|lrs|lpi|lpk|sh|xml)"/>
      <ExcludeFileFilter Value="*.(bak|ppu|ppw|o|so);*~;backup"/>
    </PublishOptions>
    <RunParams>
      <local>
        <FormatVersion Value="1"/>
        <LaunchingApplication PathPlusParams="/usr/X11R6/bin/xterm -T 'Lazarus Run Output' -e $(LazarusDir)/tools/runwait.sh $(TargetCmdLine)"/>
      </local>
    </RunParams>
    <RequiredPackages Count="2">
      <Item1>
        <PackageName Value="XPL"/>
        <MinVersion Major="1" Valid="True"/>
      </Item1>
      <Item2>
        <PackageName Value="LCL"/>
      </Item2>
    </RequiredPackages>
    <Units Count="97">
      <Unit0>
        <Filename Value="xpl_ping.lpr"/>
        <IsPartOfProject Value="True"/>
        <UnitName Value="pinger"/>
        <CursorPos X="46" Y="24"/>
        <TopLine Value="1"/>
        <EditorIndex Value="10"/>
        <UsageCount Value="87"/>
        <Loaded Value="True"/>
      </Unit0>
      <Unit1>
        <Filename Value=""/>
        <UsageCount Value="6"/>
        <SyntaxHighlighter Value="None"/>
      </Unit1>
      <Unit2>
        <Filename Value="MkPinger.pas"/>
        <IsPartOfProject Value="True"/>
        <UnitName Value="MkPinger"/>
        <CursorPos X="3" Y="46"/>
        <TopLine Value="25"/>
        <EditorIndex Value="2"/>
        <UsageCount Value="87"/>
        <Loaded Value="True"/>
      </Unit2>
      <Unit3>
        <Filename Value="about.pas"/>
        <ComponentName Value="AboutBox"/>
        <HasResources Value="True"/>
        <ResourceBaseClass Value="Form"/>
        <UnitName Value="About"/>
        <CursorPos X="44" Y="27"/>
        <TopLine Value="15"/>
        <UsageCount Value="18"/>
      </Unit3>
      <Unit4>
        <Filename Value="Common.pas"/>
        <UnitName Value="Common"/>
        <CursorPos X="14" Y="43"/>
        <TopLine Value="35"/>
        <UsageCount Value="37"/>
      </Unit4>
      <Unit5>
        <Filename Value="HostEditorU.pas"/>
        <ComponentName Value="HostEditorF"/>
        <HasResources Value="True"/>
        <ResourceBaseClass Value="Form"/>
        <UnitName Value="HostEditorU"/>
        <CursorPos X="18" Y="21"/>
        <TopLine Value="14"/>
        <UsageCount Value="19"/>
      </Unit5>
      <Unit6>
        <Filename Value="LPingerU.pas"/>
        <ComponentName Value="LPingerF"/>
        <HasResources Value="True"/>
        <ResourceBaseClass Value="Form"/>
        <UnitName Value="LPingerU"/>
        <CursorPos X="6" Y="128"/>
        <TopLine Value="125"/>
        <UsageCount Value="21"/>
      </Unit6>
      <Unit7>
        <Filename Value="LPLogViewU.pas"/>
        <ComponentName Value="LPLogViewF"/>
        <HasResources Value="True"/>
        <ResourceBaseClass Value="Form"/>
        <UnitName Value="LPLogViewU"/>
        <CursorPos X="17" Y="9"/>
        <TopLine Value="4"/>
        <UsageCount Value="18"/>
      </Unit7>
      <Unit8>
        <Filename Value="..\..\..\lcl\include\application.inc"/>
        <CursorPos X="64" Y="540"/>
        <TopLine Value="535"/>
        <UsageCount Value="6"/>
      </Unit8>
      <Unit9>
        <Filename Value="..\..\..\lcl\include\customform.inc"/>
        <CursorPos X="46" Y="1608"/>
        <TopLine Value="1606"/>
        <UsageCount Value="6"/>
      </Unit9>
      <Unit10>
        <Filename Value="unit1.pas"/>
        <ComponentName Value="Form1"/>
        <ResourceBaseClass Value="Form"/>
        <UnitName Value="Unit1"/>
        <CursorPos X="20" Y="50"/>
        <TopLine Value="43"/>
        <UsageCount Value="17"/>
      </Unit10>
      <Unit11>
        <Filename Value="LPingerU.lrs"/>
        <CursorPos X="19" Y="392"/>
        <TopLine Value="387"/>
        <UsageCount Value="7"/>
      </Unit11>
      <Unit12>
        <Filename Value="unit1.lrs"/>
        <CursorPos X="1" Y="3"/>
        <TopLine Value="1"/>
        <UsageCount Value="6"/>
      </Unit12>
      <Unit13>
        <Filename Value="LPingerU.lfm"/>
        <CursorPos X="20" Y="7"/>
        <TopLine Value="1"/>
        <UsageCount Value="7"/>
        <SyntaxHighlighter Value="LFM"/>
      </Unit13>
      <Unit14>
        <Filename Value="unit1.lfm"/>
        <CursorPos X="4" Y="627"/>
        <TopLine Value="593"/>
        <UsageCount Value="9"/>
        <SyntaxHighlighter Value="LFM"/>
      </Unit14>
      <Unit15>
        <Filename Value="..\..\..\lcl\include\spinedit.inc"/>
        <CursorPos X="1" Y="208"/>
        <TopLine Value="191"/>
        <UsageCount Value="7"/>
      </Unit15>
      <Unit16>
        <Filename Value="..\..\..\lcl\include\wincontrol.inc"/>
        <CursorPos X="1" Y="6447"/>
        <TopLine Value="6430"/>
        <UsageCount Value="7"/>
      </Unit16>
      <Unit17>
        <Filename Value="..\..\..\lcl\customtimer.pas"/>
        <UnitName Value="CustomTimer"/>
        <CursorPos X="59" Y="184"/>
        <TopLine Value="181"/>
        <UsageCount Value="6"/>
      </Unit17>
      <Unit18>
        <Filename Value="..\..\..\components\indy-10.2.0.3\fpc\IdIcmpClient.pas"/>
        <UnitName Value="IdIcmpClient"/>
        <CursorPos X="3" Y="109"/>
        <TopLine Value="100"/>
        <EditorIndex Value="3"/>
        <UsageCount Value="11"/>
        <Loaded Value="True"/>
      </Unit18>
      <Unit19>
        <Filename Value="..\..\..\components\indy-10.2.0.3\fpc\IdRawBase.pas"/>
        <UnitName Value="IdRawBase"/>
        <CursorPos X="43" Y="270"/>
        <TopLine Value="265"/>
        <UsageCount Value="6"/>
      </Unit19>
      <Unit20>
        <Filename Value="..\..\..\components\indy-10.2.0.3\fpc\IdStack.pas"/>
        <UnitName Value="IdStack"/>
        <CursorPos X="21" Y="631"/>
        <TopLine Value="625"/>
        <EditorIndex Value="4"/>
        <UsageCount Value="12"/>
        <Loaded Value="True"/>
      </Unit20>
      <Unit21>
        <Filename Value="..\..\..\components\indy-10.2.0.3\fpc\IdGlobal.pas"/>
        <UnitName Value="IdGlobal"/>
        <CursorPos X="56" Y="2331"/>
        <TopLine Value="2329"/>
        <UsageCount Value="6"/>
      </Unit21>
      <Unit22>
        <Filename Value="..\..\..\components\indy-10.2.0.3\fpc\IdRawHeaders.pas"/>
        <UnitName Value="IdRawHeaders"/>
        <CursorPos X="32" Y="906"/>
        <TopLine Value="903"/>
        <UsageCount Value="6"/>
      </Unit22>
      <Unit23>
        <Filename Value="LPLogViewU.lrs"/>
        <CursorPos X="17" Y="3"/>
        <TopLine Value="1"/>
        <UsageCount Value="6"/>
      </Unit23>
      <Unit24>
        <Filename Value="unit2.pas"/>
        <ComponentName Value="Form2"/>
        <ResourceBaseClass Value="Form"/>
        <UnitName Value="Unit2"/>
        <CursorPos X="12" Y="67"/>
        <TopLine Value="37"/>
        <UsageCount Value="16"/>
      </Unit24>
      <Unit25>
        <Filename Value="unit2.lfm"/>
        <CursorPos X="1" Y="1"/>
        <TopLine Value="1"/>
        <UsageCount Value="6"/>
        <SyntaxHighlighter Value="LFM"/>
      </Unit25>
      <Unit26>
        <Filename Value="LPLogViewU.lfm"/>
        <CursorPos X="36" Y="46"/>
        <TopLine Value="44"/>
        <UsageCount Value="6"/>
        <SyntaxHighlighter Value="LFM"/>
      </Unit26>
      <Unit27>
        <Filename Value="unit2.lrs"/>
        <CursorPos X="40" Y="21"/>
        <TopLine Value="1"/>
        <UsageCount Value="6"/>
      </Unit27>
      <Unit28>
        <Filename Value="unit3.pas"/>
        <ComponentName Value="Form3"/>
        <ResourceBaseClass Value="Form"/>
        <UnitName Value="Unit3"/>
        <CursorPos X="22" Y="6"/>
        <TopLine Value="1"/>
        <UsageCount Value="16"/>
      </Unit28>
      <Unit29>
        <Filename Value="unit3.lfm"/>
        <CursorPos X="50" Y="4"/>
        <TopLine Value="1"/>
        <UsageCount Value="6"/>
        <SyntaxHighlighter Value="LFM"/>
      </Unit29>
      <Unit30>
        <Filename Value="unit3.lrs"/>
        <CursorPos X="34" Y="1"/>
        <TopLine Value="1"/>
        <UsageCount Value="6"/>
      </Unit30>
      <Unit31>
        <Filename Value="frm_about.pas"/>
        <ComponentName Value="frmAbout"/>
        <HasResources Value="True"/>
        <ResourceBaseClass Value="Form"/>
        <UnitName Value="frm_about"/>
        <CursorPos X="17" Y="5"/>
        <TopLine Value="1"/>
        <UsageCount Value="69"/>
      </Unit31>
      <Unit32>
        <Filename Value="frm_editlog.pas"/>
        <ComponentName Value="frmEditLog"/>
        <HasResources Value="True"/>
        <ResourceBaseClass Value="Form"/>
        <UnitName Value="frm_EditLog"/>
        <CursorPos X="17" Y="23"/>
        <TopLine Value="19"/>
        <UsageCount Value="34"/>
      </Unit32>
      <Unit33>
        <Filename Value="frm_edithosts.pas"/>
        <ComponentName Value="frmEditHosts"/>
        <HasResources Value="True"/>
        <ResourceBaseClass Value="Form"/>
        <UnitName Value="frm_EditHosts"/>
        <CursorPos X="48" Y="44"/>
        <TopLine Value="30"/>
        <UsageCount Value="35"/>
      </Unit33>
      <Unit34>
        <Filename Value="frm_main.pas"/>
        <ComponentName Value="FrmMain"/>
        <HasResources Value="True"/>
        <IsPartOfProject Value="True"/>
        <ResourceBaseClass Value="Form"/>
        <UnitName Value="frm_main"/>
        <CursorPos X="56" Y="84"/>
        <TopLine Value="233"/>
        <EditorIndex Value="0"/>
        <UsageCount Value="84"/>
        <Loaded Value="True"/>
      </Unit34>
      <Unit35>
        <Filename Value="frm_main.lfm"/>
        <CursorPos X="19" Y="6"/>
        <TopLine Value="593"/>
        <UsageCount Value="9"/>
        <SyntaxHighlighter Value="LFM"/>
      </Unit35>
      <Unit36>
        <Filename Value="..\xpl\uxpllistener.pas"/>
        <UnitName Value="uxPLListener"/>
        <CursorPos X="33" Y="30"/>
        <TopLine Value="55"/>
        <UsageCount Value="27"/>
      </Unit36>
      <Unit37>
        <Filename Value="..\vTacker\frm_main.pas"/>
        <ComponentName Value="frmMain"/>
        <HasResources Value="True"/>
        <ResourceBaseClass Value="Form"/>
        <UnitName Value="frm_main"/>
        <CursorPos X="42" Y="143"/>
        <TopLine Value="132"/>
        <UsageCount Value="14"/>
      </Unit37>
      <Unit38>
        <Filename Value="..\Logger\frm_main.pas"/>
        <ComponentName Value="FrmMain"/>
        <HasResources Value="True"/>
        <ResourceBaseClass Value="Form"/>
        <UnitName Value="frm_main"/>
        <CursorPos X="5" Y="174"/>
        <TopLine Value="171"/>
        <UsageCount Value="15"/>
      </Unit38>
      <Unit39>
        <Filename Value="..\xpl\uxplconfig.pas"/>
        <UnitName Value="uxPLConfig"/>
        <CursorPos X="15" Y="10"/>
        <TopLine Value="1"/>
        <UsageCount Value="17"/>
      </Unit39>
      <Unit40>
        <Filename Value="..\xpl\uxplcfgitem.pas"/>
        <UnitName Value="uxplcfgitem"/>
        <CursorPos X="38" Y="105"/>
        <TopLine Value="93"/>
        <UsageCount Value="12"/>
      </Unit40>
      <Unit41>
        <Filename Value="..\xpl\uxplbaseclass.pas"/>
        <UnitName Value="uxPLBaseClass"/>
        <CursorPos X="28" Y="108"/>
        <TopLine Value="99"/>
        <UsageCount Value="11"/>
      </Unit41>
      <Unit42>
        <Filename Value="..\xpl\uxplmessage.pas"/>
        <UnitName Value="uxplmessage"/>
        <CursorPos X="13" Y="51"/>
        <TopLine Value="49"/>
        <UsageCount Value="13"/>
      </Unit42>
      <Unit43>
        <Filename Value="..\xpl\uxplmsgheader.pas"/>
        <UnitName Value="uxplmsgheader"/>
        <CursorPos X="1" Y="150"/>
        <TopLine Value="128"/>
        <UsageCount Value="14"/>
      </Unit43>
      <Unit44>
        <Filename Value="..\xpl\uxpladdress.pas"/>
        <UnitName Value="uxPLAddress"/>
        <CursorPos X="22" Y="16"/>
        <TopLine Value="1"/>
        <UsageCount Value="9"/>
      </Unit44>
      <Unit45>
        <Filename Value="..\xpl\uxplmsgbody.pas"/>
        <UnitName Value="uxplmsgbody"/>
        <CursorPos X="21" Y="8"/>
        <TopLine Value="1"/>
        <UsageCount Value="16"/>
      </Unit45>
      <Unit46>
        <Filename Value="..\..\lcl\include\statuspanels.inc"/>
        <CursorPos X="13" Y="22"/>
        <TopLine Value="16"/>
        <UsageCount Value="8"/>
      </Unit46>
      <Unit47>
        <Filename Value="..\vendor\frm_main.pas"/>
        <ComponentName Value="frmMain"/>
        <HasResources Value="True"/>
        <ResourceBaseClass Value="Form"/>
        <UnitName Value="frm_main"/>
        <CursorPos X="91" Y="130"/>
        <TopLine Value="128"/>
        <UsageCount Value="12"/>
      </Unit47>
      <Unit48>
        <Filename Value="..\..\units\fndUtl328\Utils\cStrings.pas"/>
        <UnitName Value="cStrings"/>
        <CursorPos X="11" Y="473"/>
        <TopLine Value="469"/>
        <UsageCount Value="14"/>
      </Unit48>
      <Unit49>
        <Filename Value="..\..\components\indy-10.2.0.3\fpc\IdIcmpClient.pas"/>
        <UnitName Value="IdIcmpClient"/>
        <CursorPos X="19" Y="779"/>
        <TopLine Value="770"/>
        <UsageCount Value="16"/>
      </Unit49>
      <Unit50>
        <Filename Value="..\..\lcl\menus.pp"/>
        <UnitName Value="Menus"/>
        <CursorPos X="41" Y="12"/>
        <TopLine Value="1"/>
        <UsageCount Value="12"/>
      </Unit50>
      <Unit51>
        <Filename Value="..\xpl\uxplschema.pas"/>
        <UnitName Value="uxPLSchema"/>
        <CursorPos X="43" Y="16"/>
        <TopLine Value="3"/>
        <UsageCount Value="11"/>
      </Unit51>
      <Unit52>
        <Filename Value="..\..\units\MStringGrid.pas"/>
        <UnitName Value="MStringGrid"/>
        <CursorPos X="37" Y="199"/>
        <TopLine Value="184"/>
        <UsageCount Value="11"/>
      </Unit52>
      <Unit53>
        <Filename Value="..\..\components\indy-10.2.0.3\fpc\IdStack.pas"/>
        <UnitName Value="IdStack"/>
        <CursorPos X="37" Y="652"/>
        <TopLine Value="627"/>
        <UsageCount Value="12"/>
      </Unit53>
      <Unit54>
        <Filename Value="..\..\lcl\grids.pas"/>
        <UnitName Value="Grids"/>
        <CursorPos X="15" Y="2049"/>
        <TopLine Value="2045"/>
        <UsageCount Value="11"/>
      </Unit54>
      <Unit55>
        <Filename Value="..\..\fpc\2.2.2\source\packages\fcl-base\src\contnrs.pp"/>
        <UnitName Value="contnrs"/>
        <CursorPos X="19" Y="18"/>
        <TopLine Value="13"/>
        <UsageCount Value="12"/>
      </Unit55>
      <Unit56>
        <Filename Value="..\..\fpc\2.2.2\source\rtl\objpas\sysutils\sysinth.inc"/>
        <CursorPos X="39" Y="87"/>
        <TopLine Value="72"/>
        <UsageCount Value="11"/>
      </Unit56>
      <Unit57>
        <Filename Value="..\..\components\indy-10.2.0.3\fpc\IdCharsets.pas"/>
        <UnitName Value="IdCharsets"/>
        <CursorPos X="35" Y="12"/>
        <TopLine Value="1"/>
        <UsageCount Value="9"/>
      </Unit57>
      <Unit58>
        <Filename Value="..\timer\frm_main.pas"/>
        <ComponentName Value="frmMain"/>
        <HasResources Value="True"/>
        <ResourceBaseClass Value="Form"/>
        <UnitName Value="frm_main"/>
        <CursorPos X="23" Y="219"/>
        <TopLine Value="205"/>
        <UsageCount Value="15"/>
      </Unit58>
      <Unit59>
        <Filename Value="..\..\lcl\comctrls.pp"/>
        <UnitName Value="ComCtrls"/>
        <CursorPos X="19" Y="739"/>
        <TopLine Value="727"/>
        <UsageCount Value="9"/>
      </Unit59>
      <Unit60>
        <Filename Value="..\..\lcl\forms.pp"/>
        <UnitName Value="Forms"/>
        <CursorPos X="53" Y="1162"/>
        <TopLine Value="1158"/>
        <UsageCount Value="9"/>
      </Unit60>
      <Unit61>
        <Filename Value="..\..\lcl\dialogs.pp"/>
        <UnitName Value="Dialogs"/>
        <CursorPos X="63" Y="502"/>
        <TopLine Value="486"/>
        <UsageCount Value="11"/>
      </Unit61>
      <Unit62>
        <Filename Value="..\..\lcl\include\listitem.inc"/>
        <CursorPos X="13" Y="498"/>
        <TopLine Value="494"/>
        <UsageCount Value="10"/>
      </Unit62>
      <Unit63>
        <Filename Value="..\..\fpc\2.2.2\source\packages\fcl-base\src\eventlog.pp"/>
        <UnitName Value="eventlog"/>
        <CursorPos X="21" Y="293"/>
        <TopLine Value="287"/>
        <UsageCount Value="12"/>
      </Unit63>
      <Unit64>
        <Filename Value="..\..\units\fndUtl328\Utils\cRandom.pas"/>
        <UnitName Value="cRandom"/>
        <CursorPos X="22" Y="255"/>
        <TopLine Value="241"/>
        <UsageCount Value="11"/>
      </Unit64>
      <Unit65>
        <Filename Value="..\..\fpc\2.2.2\source\rtl\objpas\strutils.pp"/>
        <UnitName Value="strutils"/>
        <CursorPos X="13" Y="44"/>
        <TopLine Value="40"/>
        <UsageCount Value="14"/>
      </Unit65>
      <Unit66>
        <Filename Value="..\..\components\indy-10.2.0.3\fpc\IdRawBase.pas"/>
        <UnitName Value="IdRawBase"/>
        <CursorPos X="20" Y="274"/>
        <TopLine Value="266"/>
        <UsageCount Value="10"/>
      </Unit66>
      <Unit67>
        <Filename Value="..\..\components\indy-10.2.0.3\fpc\IdGlobal.pas"/>
        <UnitName Value="IdGlobal"/>
        <CursorPos X="20" Y="3563"/>
        <TopLine Value="3556"/>
        <UsageCount Value="10"/>
      </Unit67>
      <Unit68>
        <Filename Value="..\..\components\indy-10.2.0.3\fpc\IdStackWindows.pas"/>
        <UnitName Value="IdStackWindows"/>
        <CursorPos X="19" Y="862"/>
        <TopLine Value="856"/>
        <UsageCount Value="10"/>
      </Unit68>
      <Unit69>
        <Filename Value="..\..\components\indy-10.2.0.3\fpc\IdWship6.pas"/>
        <UnitName Value="IdWship6"/>
        <CursorPos X="18" Y="433"/>
        <TopLine Value="428"/>
        <UsageCount Value="10"/>
      </Unit69>
      <Unit70>
        <Filename Value="..\..\components\indy-10.2.0.3\fpc\IdException.pas"/>
        <UnitName Value="IdException"/>
        <CursorPos X="18" Y="116"/>
        <TopLine Value="111"/>
        <UsageCount Value="10"/>
      </Unit70>
      <Unit71>
        <Filename Value="..\..\lcl\include\application.inc"/>
        <CursorPos X="14" Y="291"/>
        <TopLine Value="287"/>
        <UsageCount Value="10"/>
      </Unit71>
      <Unit72>
        <Filename Value="..\..\lcl\interfaces\win32\win32object.inc"/>
        <CursorPos X="17" Y="282"/>
        <TopLine Value="274"/>
        <UsageCount Value="10"/>
      </Unit72>
      <Unit73>
        <Filename Value="..\weather\frm_main.pas"/>
        <ComponentName Value="frmMain"/>
        <HasResources Value="True"/>
        <ResourceBaseClass Value="Form"/>
        <UnitName Value="frm_main"/>
        <CursorPos X="17" Y="179"/>
        <TopLine Value="175"/>
        <EditorIndex Value="9"/>
        <UsageCount Value="18"/>
        <Loaded Value="True"/>
      </Unit73>
      <Unit74>
        <Filename Value="..\xpl\frm_about.pas"/>
        <ComponentName Value="frmAbout"/>
        <HasResources Value="True"/>
        <ResourceBaseClass Value="Form"/>
        <UnitName Value="frm_about"/>
        <CursorPos X="103" Y="15"/>
        <TopLine Value="11"/>
        <UsageCount Value="32"/>
      </Unit74>
      <Unit75>
        <Filename Value="..\timer\xpl_timer.lpr"/>
        <UnitName Value="xpl_timer"/>
        <CursorPos X="3" Y="22"/>
        <TopLine Value="1"/>
        <UsageCount Value="10"/>
      </Unit75>
      <Unit76>
        <Filename Value="..\..\components\log4delphi-0.7\src\delphi\tpropertyconfiguratorunit.pas"/>
        <UnitName Value="TPropertyConfiguratorUnit"/>
        <CursorPos X="101" Y="6"/>
        <TopLine Value="1"/>
        <UsageCount Value="13"/>
      </Unit76>
      <Unit77>
        <Filename Value="..\xpl\uxplclient.pas"/>
        <UnitName Value="uxPLClient"/>
        <CursorPos X="1" Y="79"/>
        <TopLine Value="49"/>
        <UsageCount Value="13"/>
      </Unit77>
      <Unit78>
        <Filename Value="..\..\fpc\2.2.2\source\rtl\objpas\sysutils\sysstrh.inc"/>
        <CursorPos X="58" Y="99"/>
        <TopLine Value="94"/>
        <UsageCount Value="12"/>
      </Unit78>
      <Unit79>
        <Filename Value="..\..\components\indy-10.2.0.3\fpc\IdCustomHTTPServer.pas"/>
        <UnitName Value="IdCustomHTTPServer"/>
        <CursorPos X="56" Y="1039"/>
        <TopLine Value="1034"/>
        <UsageCount Value="12"/>
      </Unit79>
      <Unit80>
        <Filename Value="..\..\fpc\2.2.2\source\rtl\objpas\classes\classesh.inc"/>
        <CursorPos X="66" Y="1513"/>
        <TopLine Value="1510"/>
        <UsageCount Value="10"/>
      </Unit80>
      <Unit81>
        <Filename Value="..\xpl\uxplweblistener.pas"/>
        <UnitName Value="uxPLWebListener"/>
        <CursorPos X="71" Y="110"/>
        <TopLine Value="95"/>
        <UsageCount Value="29"/>
      </Unit81>
      <Unit82>
        <Filename Value="..\..\lcl\include\listitems.inc"/>
        <CursorPos X="13" Y="41"/>
        <TopLine Value="38"/>
        <UsageCount Value="10"/>
      </Unit82>
      <Unit83>
        <Filename Value="..\..\fpc\2.2.2\source\packages\regexpr\src\old\regexpr.pp"/>
        <UnitName Value="regexpr"/>
        <CursorPos X="27" Y="1189"/>
        <TopLine Value="1172"/>
        <UsageCount Value="13"/>
      </Unit83>
      <Unit84>
        <Filename Value="..\..\components\indy-10.2.0.3\lazarus\examples\elizaweb\ezEngine.pas"/>
        <UnitName Value="EZEngine"/>
        <CursorPos X="24" Y="26"/>
        <TopLine Value="19"/>
        <UsageCount Value="10"/>
      </Unit84>
      <Unit85>
        <Filename Value="..\..\components\indy-10.2.0.3\lazarus\examples\elizaweb\elizaweb.pas"/>
        <UnitName Value="elizaweb"/>
        <CursorPos X="13" Y="3"/>
        <TopLine Value="91"/>
        <UsageCount Value="11"/>
      </Unit85>
      <Unit86>
        <Filename Value="..\xpl\uxplsettings.pas"/>
        <UnitName Value="uxplsettings"/>
        <CursorPos X="5" Y="24"/>
        <TopLine Value="13"/>
        <UsageCount Value="10"/>
      </Unit86>
      <Unit87>
        <Filename Value="..\..\..\components\log4delphi-0.7\src\delphi\trollingfileappenderunit.pas"/>
        <UnitName Value="TRollingFileAppenderUnit"/>
        <CursorPos X="28" Y="8"/>
        <TopLine Value="1"/>
        <UsageCount Value="10"/>
      </Unit87>
      <Unit88>
        <Filename Value="..\..\units\xpl\uxplconfig.pas"/>
        <UnitName Value="uxPLConfig"/>
        <CursorPos X="22" Y="33"/>
        <TopLine Value="25"/>
        <UsageCount Value="10"/>
      </Unit88>
      <Unit89>
        <Filename Value="..\weather\xpl_weather.lpr"/>
        <UnitName Value="xpl_weather"/>
        <CursorPos X="1" Y="1"/>
        <TopLine Value="1"/>
        <UsageCount Value="10"/>
      </Unit89>
      <Unit90>
        <Filename Value="..\..\units\xpl\frm_about.pas"/>
        <HasResources Value="True"/>
        <IsPartOfProject Value="True"/>
        <UnitName Value="frm_about"/>
        <UsageCount Value="25"/>
        <SyntaxHighlighter Value="Text"/>
      </Unit90>
      <Unit91>
        <Filename Value="..\..\units\xpl\uxplconst.pas"/>
        <UnitName Value="uxPLConst"/>
        <CursorPos X="20" Y="58"/>
        <TopLine Value="35"/>
        <EditorIndex Value="8"/>
        <UsageCount Value="12"/>
        <Loaded Value="True"/>
      </Unit91>
      <Unit92>
        <Filename Value="..\..\..\projects\Free\frm_main.pas"/>
        <ComponentName Value="frmMain"/>
        <HasResources Value="True"/>
        <ResourceBaseClass Value="Form"/>
        <UnitName Value="frm_main"/>
        <CursorPos X="41" Y="295"/>
        <TopLine Value="289"/>
        <EditorIndex Value="7"/>
        <UsageCount Value="12"/>
        <Loaded Value="True"/>
      </Unit92>
      <Unit93>
        <Filename Value="..\..\units\xpl\uxplglobals.pas"/>
        <UnitName Value="uxplglobals"/>
        <CursorPos X="1" Y="1"/>
        <TopLine Value="52"/>
        <UsageCount Value="10"/>
      </Unit93>
      <Unit94>
        <Filename Value="..\..\..\fpc\2.2.2\source\rtl\objpas\classes\classesh.inc"/>
        <CursorPos X="14" Y="259"/>
        <TopLine Value="246"/>
        <EditorIndex Value="5"/>
        <UsageCount Value="12"/>
        <Loaded Value="True"/>
      </Unit94>
      <Unit95>
        <Filename Value="..\..\..\fpc\2.2.2\source\rtl\objpas\classes\lists.inc"/>
        <CursorPos X="3" Y="121"/>
        <TopLine Value="119"/>
        <EditorIndex Value="6"/>
        <UsageCount Value="12"/>
        <Loaded Value="True"/>
      </Unit95>
      <Unit96>
        <Filename Value="..\..\units\xpl\uxpllistener.pas"/>
        <UnitName Value="uxPLListener"/>
        <CursorPos X="49" Y="426"/>
        <TopLine Value="405"/>
        <EditorIndex Value="1"/>
        <UsageCount Value="10"/>
        <Loaded Value="True"/>
      </Unit96>
    </Units>
    <JumpHistory Count="30" HistoryIndex="29">
      <Position1>
        <Filename Value="frm_main.pas"/>
        <Caret Line="219" Column="46" TopLine="240"/>
      </Position1>
      <Position2>
        <Filename Value="MkPinger.pas"/>
        <Caret Line="33" Column="3" TopLine="31"/>
      </Position2>
      <Position3>
        <Filename Value="frm_main.pas"/>
        <Caret Line="254" Column="43" TopLine="243"/>
      </Position3>
      <Position4>
        <Filename Value="frm_main.pas"/>
        <Caret Line="220" Column="126" TopLine="201"/>
      </Position4>
      <Position5>
        <Filename Value="frm_main.pas"/>
        <Caret Line="27" Column="26" TopLine="27"/>
      </Position5>
      <Position6>
        <Filename Value="frm_main.pas"/>
        <Caret Line="33" Column="30" TopLine="27"/>
      </Position6>
      <Position7>
        <Filename Value="frm_main.pas"/>
        <Caret Line="32" Column="30" TopLine="27"/>
      </Position7>
      <Position8>
        <Filename Value="frm_main.pas"/>
        <Caret Line="31" Column="24" TopLine="27"/>
      </Position8>
      <Position9>
        <Filename Value="frm_main.pas"/>
        <Caret Line="30" Column="24" TopLine="27"/>
      </Position9>
      <Position10>
        <Filename Value="frm_main.pas"/>
        <Caret Line="17" Column="26" TopLine="17"/>
      </Position10>
      <Position11>
        <Filename Value="frm_main.pas"/>
        <Caret Line="27" Column="19" TopLine="17"/>
      </Position11>
      <Position12>
        <Filename Value="frm_main.pas"/>
        <Caret Line="19" Column="18" TopLine="17"/>
      </Position12>
      <Position13>
        <Filename Value="frm_main.pas"/>
        <Caret Line="26" Column="26" TopLine="17"/>
      </Position13>
      <Position14>
        <Filename Value="frm_main.pas"/>
        <Caret Line="93" Column="105" TopLine="73"/>
      </Position14>
      <Position15>
        <Filename Value="frm_main.pas"/>
        <Caret Line="268" Column="35" TopLine="249"/>
      </Position15>
      <Position16>
        <Filename Value="frm_main.pas"/>
        <Caret Line="283" Column="3" TopLine="264"/>
      </Position16>
      <Position17>
        <Filename Value="frm_main.pas"/>
        <Caret Line="314" Column="14" TopLine="295"/>
      </Position17>
      <Position18>
        <Filename Value="frm_main.pas"/>
        <Caret Line="52" Column="90" TopLine="33"/>
      </Position18>
      <Position19>
        <Filename Value="frm_main.pas"/>
        <Caret Line="238" Column="3" TopLine="219"/>
      </Position19>
      <Position20>
        <Filename Value="frm_main.pas"/>
        <Caret Line="235" Column="7" TopLine="221"/>
      </Position20>
      <Position21>
        <Filename Value="frm_main.pas"/>
        <Caret Line="313" Column="63" TopLine="294"/>
      </Position21>
      <Position22>
        <Filename Value="frm_main.pas"/>
        <Caret Line="315" Column="8" TopLine="283"/>
      </Position22>
      <Position23>
        <Filename Value="frm_main.pas"/>
        <Caret Line="89" Column="32" TopLine="77"/>
      </Position23>
      <Position24>
        <Filename Value="frm_main.pas"/>
        <Caret Line="263" Column="79" TopLine="230"/>
      </Position24>
      <Position25>
        <Filename Value="frm_main.pas"/>
        <Caret Line="1" Column="1" TopLine="1"/>
      </Position25>
      <Position26>
        <Filename Value="frm_main.pas"/>
        <Caret Line="52" Column="23" TopLine="33"/>
      </Position26>
      <Position27>
        <Filename Value="frm_main.pas"/>
        <Caret Line="102" Column="15" TopLine="86"/>
      </Position27>
      <Position28>
        <Filename Value="..\..\units\xpl\uxpllistener.pas"/>
        <Caret Line="88" Column="23" TopLine="62"/>
      </Position28>
      <Position29>
        <Filename Value="frm_main.pas"/>
        <Caret Line="66" Column="1" TopLine="66"/>
      </Position29>
      <Position30>
        <Filename Value="frm_main.pas"/>
        <Caret Line="272" Column="1" TopLine="235"/>
      </Position30>
    </JumpHistory>
  </ProjectOptions>
  <CompilerOptions>
    <Version Value="8"/>
    <PathDelim Value="\"/>
    <SearchPaths>
      <IncludeFiles Value="$(ProjOutDir)\"/>
      <OtherUnitFiles Value="$(LazarusDir)\svn\units\general\fndUtl328\Utils\;$(LazarusDir)\components\log4delphi-0.7\src\delphi\util\;$(LazarusDir)\components\log4delphi-0.7\src\delphi\;$(LazarusDir)\svn\units\general\RegExpr\;$(LazarusDir)\svn\units\general\indy\;$(LazarusDir)\components\indy-10.2.0.3\fpc\;$(LazarusDir)\svn\units\general\fndUtl328\Datastructs\;$(LazarusDir)\svn\units\xpl\;$(LazarusDir)\svn\units\general\"/>
      <UnitOutputDirectory Value="C:\Lazarus\projects\output"/>
    </SearchPaths>
    <Parsing>
      <SyntaxOptions>
        <CStyleOperator Value="False"/>
      </SyntaxOptions>
    </Parsing>
    <Linking>
      <Options>
        <Win32>
          <GraphicApplication Value="True"/>
        </Win32>
      </Options>
    </Linking>
    <Other>
      <CompilerPath Value="$(CompPath)"/>
    </Other>
  </CompilerOptions>
  <Debugging>
    <Exceptions Count="3">
      <Item1>
        <Name Value="EAbort"/>
      </Item1>
      <Item2>
        <Name Value="ECodetoolError"/>
      </Item2>
      <Item3>
        <Name Value="EFOpenError"/>
      </Item3>
    </Exceptions>
  </Debugging>
</CONFIG>
