<?xml version="1.0"?>
<CONFIG>
  <ProjectOptions>
    <PathDelim Value="\"/>
    <Version Value="7"/>
    <General>
      <MainUnit Value="0"/>
      <TargetFileExt Value=".exe"/>
      <Title Value="xpl_opc"/>
      <Icon Value="0"/>
      <UseXPManifest Value="True"/>
      <ActiveEditorIndexAtStart Value="1"/>
    </General>
    <VersionInfo>
      <UseVersionInfo Value="True"/>
      <AutoIncrementBuild Value="True"/>
      <CurrentVersionNr Value="1"/>
      <CurrentBuildNr Value="5002"/>
      <ProjectVersion Value="1.0.0.1"/>
    </VersionInfo>
    <PublishOptions>
      <Version Value="2"/>
      <IgnoreBinaries Value="False"/>
      <IncludeFileFilter Value="*.(pas|pp|inc|lfm|lpr|lrs|lpi|lpk|sh|xml)"/>
      <ExcludeFileFilter Value="*.(bak|ppu|ppw|o|so);*~;backup"/>
    </PublishOptions>
    <RunParams>
      <local>
        <FormatVersion Value="1"/>
        <LaunchingApplication PathPlusParams="/usr/X11R6/bin/xterm -T 'Lazarus Run Output' -e $(LazarusDir)/tools/runwait.sh $(TargetCmdLine)"/>
      </local>
    </RunParams>
    <RequiredPackages Count="2">
      <Item1>
        <PackageName Value="indylaz"/>
        <MinVersion Major="10" Minor="2" Build="3" Valid="True"/>
      </Item1>
      <Item2>
        <PackageName Value="LCL"/>
      </Item2>
    </RequiredPackages>
    <Units Count="123">
      <Unit0>
        <Filename Value="xpl_opc.lpr"/>
        <IsPartOfProject Value="True"/>
        <UnitName Value="xpl_opc"/>
        <CursorPos X="1" Y="18"/>
        <TopLine Value="1"/>
        <UsageCount Value="217"/>
      </Unit0>
      <Unit1>
        <Filename Value="frm_send.pas"/>
        <ComponentName Value="frm_xpl_opc"/>
        <ResourceBaseClass Value="Form"/>
        <UnitName Value="frm_send"/>
        <CursorPos X="11" Y="3"/>
        <TopLine Value="1"/>
        <UsageCount Value="64"/>
      </Unit1>
      <Unit2>
        <Filename Value="..\uxplmessage.pas"/>
        <UnitName Value="uxplmessage"/>
        <CursorPos X="1" Y="92"/>
        <TopLine Value="76"/>
        <UsageCount Value="184"/>
      </Unit2>
      <Unit3>
        <Filename Value="..\uxpladdress.pas"/>
        <UnitName Value="uxPLAddress"/>
        <CursorPos X="32" Y="154"/>
        <TopLine Value="28"/>
        <UsageCount Value="184"/>
      </Unit3>
      <Unit4>
        <Filename Value="..\uxplschema.pas"/>
        <UnitName Value="uxPLSchema"/>
        <CursorPos X="30" Y="11"/>
        <TopLine Value="8"/>
        <UsageCount Value="184"/>
      </Unit4>
      <Unit5>
        <Filename Value="..\uxpltools.pas"/>
        <UnitName Value="uxPLTools"/>
        <CursorPos X="1" Y="1"/>
        <TopLine Value="1"/>
        <UsageCount Value="184"/>
      </Unit5>
      <Unit6>
        <Filename Value="..\uxplfilter.pas"/>
        <UnitName Value="uxPLFilter"/>
        <CursorPos X="62" Y="30"/>
        <TopLine Value="16"/>
        <UsageCount Value="184"/>
      </Unit6>
      <Unit7>
        <Filename Value="..\uxplconfigitem.pas"/>
        <UnitName Value="uxPLConfigItem"/>
        <CursorPos X="1" Y="1"/>
        <TopLine Value="1"/>
        <UsageCount Value="184"/>
      </Unit7>
      <Unit8>
        <Filename Value="frm_about.pas"/>
        <ComponentName Value="frmAbout"/>
        <ResourceBaseClass Value="Form"/>
        <UnitName Value="frm_about"/>
        <CursorPos X="22" Y="12"/>
        <TopLine Value="3"/>
        <UsageCount Value="184"/>
      </Unit8>
      <Unit9>
        <Filename Value="..\RegExpr.pas"/>
        <UnitName Value="RegExpr"/>
        <CursorPos X="1" Y="1"/>
        <TopLine Value="1"/>
        <UsageCount Value="167"/>
      </Unit9>
      <Unit10>
        <Filename Value="..\xpl\uxplmessage.pas"/>
        <UnitName Value="uxplmessage"/>
        <CursorPos X="22" Y="83"/>
        <TopLine Value="74"/>
        <UsageCount Value="35"/>
      </Unit10>
      <Unit11>
        <Filename Value="..\xpl\uxplmsgheader.pas"/>
        <UnitName Value="uxplmsgheader"/>
        <CursorPos X="14" Y="84"/>
        <TopLine Value="74"/>
        <UsageCount Value="17"/>
      </Unit11>
      <Unit12>
        <Filename Value="..\xpl\uxplmsgbody.pas"/>
        <UnitName Value="uxplmsgbody"/>
        <CursorPos X="18" Y="256"/>
        <TopLine Value="250"/>
        <UsageCount Value="20"/>
      </Unit12>
      <Unit13>
        <Filename Value="..\xpl\uxpladdress.pas"/>
        <UnitName Value="uxPLAddress"/>
        <CursorPos X="49" Y="153"/>
        <TopLine Value="130"/>
        <UsageCount Value="10"/>
      </Unit13>
      <Unit14>
        <Filename Value="..\xpl\uxplbaseclass.pas"/>
        <UnitName Value="uxPLBaseClass"/>
        <CursorPos X="34" Y="8"/>
        <TopLine Value="1"/>
        <UsageCount Value="178"/>
      </Unit14>
      <Unit15>
        <Filename Value="frm_main.pas"/>
        <IsPartOfProject Value="True"/>
        <ComponentName Value="frmMain"/>
        <HasResources Value="True"/>
        <ResourceBaseClass Value="Form"/>
        <UnitName Value="frm_main"/>
        <CursorPos X="1" Y="260"/>
        <TopLine Value="246"/>
        <EditorIndex Value="0"/>
        <UsageCount Value="200"/>
        <Loaded Value="True"/>
      </Unit15>
      <Unit16>
        <Filename Value="frm_helper.pas"/>
        <ComponentName Value="frmhelper"/>
        <ResourceBaseClass Value="Form"/>
        <UnitName Value="frm_Helper"/>
        <CursorPos X="72" Y="21"/>
        <TopLine Value="1"/>
        <UsageCount Value="101"/>
      </Unit16>
      <Unit17>
        <Filename Value="..\xpl\uxpllistener.pas"/>
        <UnitName Value="uxPLListener"/>
        <CursorPos X="33" Y="28"/>
        <TopLine Value="323"/>
        <UsageCount Value="4"/>
      </Unit17>
      <Unit18>
        <Filename Value="..\..\lcl\stdctrls.pp"/>
        <UnitName Value="StdCtrls"/>
        <CursorPos X="47" Y="1139"/>
        <TopLine Value="1126"/>
        <UsageCount Value="10"/>
      </Unit18>
      <Unit19>
        <Filename Value="..\xpl\uxplpluginfile.pas"/>
        <UnitName Value="uxPLPluginFile"/>
        <CursorPos X="29" Y="33"/>
        <TopLine Value="20"/>
        <UsageCount Value="143"/>
      </Unit19>
      <Unit20>
        <Filename Value="..\vendor\frm_main.pas"/>
        <ComponentName Value="frmMain"/>
        <HasResources Value="True"/>
        <ResourceBaseClass Value="Form"/>
        <UnitName Value="frm_main"/>
        <CursorPos X="77" Y="54"/>
        <TopLine Value="50"/>
        <UsageCount Value="6"/>
      </Unit20>
      <Unit21>
        <Filename Value="..\..\units\medit.pas"/>
        <UnitName Value="MEdit"/>
        <CursorPos X="63" Y="47"/>
        <TopLine Value="39"/>
        <UsageCount Value="12"/>
      </Unit21>
      <Unit22>
        <Filename Value="..\..\units\mcombobox.pas"/>
        <UnitName Value="MComboBox"/>
        <CursorPos X="26" Y="7"/>
        <TopLine Value="1"/>
        <UsageCount Value="5"/>
      </Unit22>
      <Unit23>
        <Filename Value="opcs.pas"/>
        <UnitName Value="opcs"/>
        <CursorPos X="24" Y="162"/>
        <TopLine Value="148"/>
        <UsageCount Value="13"/>
      </Unit23>
      <Unit24>
        <Filename Value="..\xpl\uxplconfig.pas"/>
        <UnitName Value="uxPLConfig"/>
        <CursorPos X="30" Y="105"/>
        <TopLine Value="98"/>
        <UsageCount Value="1"/>
      </Unit24>
      <Unit25>
        <Filename Value="FMeteos.pas"/>
        <ComponentName Value="FMeteo"/>
        <HasResources Value="True"/>
        <ResourceBaseClass Value="Form"/>
        <UnitName Value="FMeteos"/>
        <CursorPos X="40" Y="11"/>
        <TopLine Value="1"/>
        <UsageCount Value="2"/>
      </Unit25>
      <Unit26>
        <Filename Value="..\xpl\frm_xplappslauncher.pas"/>
        <ComponentName Value="frmAppLauncher"/>
        <HasResources Value="True"/>
        <ResourceBaseClass Value="Form"/>
        <UnitName Value="frm_xplappslauncher"/>
        <CursorPos X="38" Y="42"/>
        <TopLine Value="32"/>
        <UsageCount Value="126"/>
      </Unit26>
      <Unit27>
        <Filename Value="..\xpl\frm_about.pas"/>
        <IsPartOfProject Value="True"/>
        <ComponentName Value="frmAbout"/>
        <HasResources Value="True"/>
        <ResourceBaseClass Value="Form"/>
        <UnitName Value="frm_about"/>
        <CursorPos X="25" Y="30"/>
        <TopLine Value="20"/>
        <UsageCount Value="200"/>
      </Unit27>
      <Unit28>
        <Filename Value="..\PascalScript\frm_main.pas"/>
        <ComponentName Value="frmMain"/>
        <HasResources Value="True"/>
        <ResourceBaseClass Value="Form"/>
        <UnitName Value="frm_main"/>
        <CursorPos X="31" Y="30"/>
        <TopLine Value="79"/>
        <UsageCount Value="12"/>
      </Unit28>
      <Unit29>
        <Filename Value="..\..\svn\units\xpl\uxplconfig.pas"/>
        <UnitName Value="uxPLConfig"/>
        <CursorPos X="32" Y="17"/>
        <TopLine Value="1"/>
        <UsageCount Value="1"/>
      </Unit29>
      <Unit30>
        <Filename Value="..\..\svn\units\xpl\uxpllistener.pas"/>
        <UnitName Value="uxPLListener"/>
        <CursorPos X="45" Y="72"/>
        <TopLine Value="57"/>
        <UsageCount Value="5"/>
      </Unit30>
      <Unit31>
        <Filename Value="..\..\svn\units\general\uregextools.pas"/>
        <UnitName Value="uRegExTools"/>
        <CursorPos X="41" Y="9"/>
        <TopLine Value="1"/>
        <UsageCount Value="187"/>
      </Unit31>
      <Unit32>
        <Filename Value="..\..\..\components\indy-10.2.0.3\lazarus\IdIOHandler.pas"/>
        <UnitName Value="IdIOHandler"/>
        <CursorPos X="1" Y="1347"/>
        <TopLine Value="1334"/>
        <UsageCount Value="25"/>
      </Unit32>
      <Unit33>
        <Filename Value="..\..\units\xpl\uxplmsgbody.pas"/>
        <UnitName Value="uxplmsgbody"/>
        <CursorPos X="3" Y="27"/>
        <TopLine Value="13"/>
        <EditorIndex Value="12"/>
        <UsageCount Value="61"/>
        <Loaded Value="True"/>
      </Unit33>
      <Unit34>
        <Filename Value="..\..\units\xpl\uxplschema.pas"/>
        <UnitName Value="uxPLSchema"/>
        <CursorPos X="1" Y="74"/>
        <TopLine Value="51"/>
        <EditorIndex Value="8"/>
        <UsageCount Value="12"/>
        <Loaded Value="True"/>
      </Unit34>
      <Unit35>
        <Filename Value="..\..\units\xpl\uxplconst.pas"/>
        <UnitName Value="uxPLConst"/>
        <CursorPos X="23" Y="127"/>
        <TopLine Value="110"/>
        <UsageCount Value="95"/>
      </Unit35>
      <Unit36>
        <Filename Value="..\..\..\fpc\2.2.2\source\rtl\objpas\strutils.pp"/>
        <UnitName Value="strutils"/>
        <CursorPos X="10" Y="44"/>
        <TopLine Value="28"/>
        <UsageCount Value="14"/>
      </Unit36>
      <Unit37>
        <Filename Value="..\..\units\general\fndUtl328\Utils\cStrings.pas"/>
        <UnitName Value="cStrings"/>
        <CursorPos X="1" Y="2850"/>
        <TopLine Value="2837"/>
        <EditorIndex Value="9"/>
        <UsageCount Value="59"/>
        <Loaded Value="True"/>
      </Unit37>
      <Unit38>
        <Filename Value="..\..\units\xpl\uxplweblistener.pas"/>
        <UnitName Value="uxPLWebListener"/>
        <CursorPos X="37" Y="28"/>
        <TopLine Value="10"/>
        <UsageCount Value="80"/>
        <FoldState Value=" T1lNfQE PkGjUCB"/>
      </Unit38>
      <Unit39>
        <Filename Value="..\..\units\xpl\uxplmessage.pas"/>
        <UnitName Value="uxplmessage"/>
        <CursorPos X="1" Y="209"/>
        <TopLine Value="206"/>
        <EditorIndex Value="2"/>
        <UsageCount Value="36"/>
        <Loaded Value="True"/>
      </Unit39>
      <Unit40>
        <Filename Value="..\..\units\xpl\uxplclient.pas"/>
        <UnitName Value="uxPLClient"/>
        <CursorPos X="41" Y="58"/>
        <TopLine Value="51"/>
        <UsageCount Value="81"/>
      </Unit40>
      <Unit41>
        <Filename Value="..\..\units\xpl\uxpllistener.pas"/>
        <UnitName Value="uxPLListener"/>
        <CursorPos X="1" Y="375"/>
        <TopLine Value="362"/>
        <UsageCount Value="94"/>
      </Unit41>
      <Unit42>
        <Filename Value="..\..\..\components\indy-10.2.0.3\lazarus\IdStack.pas"/>
        <UnitName Value="IdStack"/>
        <CursorPos X="1" Y="471"/>
        <TopLine Value="458"/>
        <UsageCount Value="5"/>
      </Unit42>
      <Unit43>
        <Filename Value="..\..\units\xpl\uxplsettings.pas"/>
        <UnitName Value="uxplsettings"/>
        <CursorPos X="7" Y="30"/>
        <TopLine Value="62"/>
        <UsageCount Value="44"/>
      </Unit43>
      <Unit44>
        <Filename Value="..\..\units\xpl\uxplpluginfile.pas"/>
        <UnitName Value="uxPLPluginFile"/>
        <CursorPos X="14" Y="45"/>
        <TopLine Value="64"/>
        <UsageCount Value="17"/>
      </Unit44>
      <Unit45>
        <Filename Value="..\..\units\xpl\uxplconfig.pas"/>
        <UnitName Value="uxPLConfig"/>
        <CursorPos X="75" Y="80"/>
        <TopLine Value="43"/>
        <UsageCount Value="76"/>
      </Unit45>
      <Unit46>
        <Filename Value="..\..\..\fpc\2.2.2\source\rtl\objpas\classes\classesh.inc"/>
        <CursorPos X="14" Y="579"/>
        <TopLine Value="563"/>
        <UsageCount Value="14"/>
      </Unit46>
      <Unit47>
        <Filename Value="..\..\units\xpl\uxpladdress.pas"/>
        <UnitName Value="uxPLAddress"/>
        <CursorPos X="1" Y="143"/>
        <TopLine Value="130"/>
        <UsageCount Value="12"/>
      </Unit47>
      <Unit48>
        <Filename Value="..\..\units\xpl\uxplmsgheader.pas"/>
        <UnitName Value="uxplmsgheader"/>
        <CursorPos X="17" Y="146"/>
        <TopLine Value="121"/>
        <UsageCount Value="17"/>
      </Unit48>
      <Unit49>
        <Filename Value="..\..\units\xpl\uxplbaseclass.pas"/>
        <UnitName Value="uxPLBaseClass"/>
        <CursorPos X="1" Y="21"/>
        <TopLine Value="8"/>
        <EditorIndex Value="13"/>
        <UsageCount Value="12"/>
        <Loaded Value="True"/>
      </Unit49>
      <Unit50>
        <Filename Value="..\..\units\general\RegExpr\RegExpr.pas"/>
        <UnitName Value="RegExpr"/>
        <CursorPos X="1" Y="1211"/>
        <TopLine Value="1198"/>
        <UsageCount Value="49"/>
      </Unit50>
      <Unit51>
        <Filename Value="..\..\..\fpc\2.2.2\source\rtl\objpas\sysutils\sysstrh.inc"/>
        <CursorPos X="10" Y="199"/>
        <TopLine Value="183"/>
        <UsageCount Value="13"/>
      </Unit51>
      <Unit52>
        <Filename Value="..\..\units\xpl\uxplglobals.pas"/>
        <UnitName Value="uxplglobals"/>
        <CursorPos X="1" Y="438"/>
        <TopLine Value="425"/>
        <EditorIndex Value="14"/>
        <UsageCount Value="104"/>
        <Loaded Value="True"/>
      </Unit52>
      <Unit53>
        <Filename Value="..\..\..\fpc\2.2.4\source\rtl\objpas\strutils.pp"/>
        <UnitName Value="strutils"/>
        <CursorPos X="3" Y="321"/>
        <TopLine Value="317"/>
        <UsageCount Value="4"/>
      </Unit53>
      <Unit54>
        <Filename Value="..\..\units\xpl\uxplvendorfile.pas"/>
        <UnitName Value="uxPLVendorFile"/>
        <CursorPos X="6" Y="16"/>
        <TopLine Value="16"/>
        <UsageCount Value="16"/>
      </Unit54>
      <Unit55>
        <Filename Value="..\..\..\lcl\interfaces\win32\win32wsbuttons.pp"/>
        <UnitName Value="Win32WSButtons"/>
        <CursorPos X="42" Y="389"/>
        <TopLine Value="63"/>
        <UsageCount Value="3"/>
      </Unit55>
      <Unit56>
        <Filename Value="..\..\units\general\fndUtl328\Utils\cUtils.pas"/>
        <UnitName Value="cUtils"/>
        <CursorPos X="72" Y="1086"/>
        <TopLine Value="1076"/>
        <UsageCount Value="6"/>
      </Unit56>
      <Unit57>
        <Filename Value="..\..\units\general\uregextools.pas"/>
        <UnitName Value="uRegExTools"/>
        <CursorPos X="1" Y="1"/>
        <TopLine Value="1"/>
        <UsageCount Value="2"/>
      </Unit57>
      <Unit58>
        <Filename Value="..\..\..\lcl\include\customform.inc"/>
        <CursorPos X="1" Y="694"/>
        <TopLine Value="681"/>
        <UsageCount Value="6"/>
      </Unit58>
      <Unit59>
        <Filename Value="..\..\..\lcl\include\application.inc"/>
        <CursorPos X="1" Y="1993"/>
        <TopLine Value="1980"/>
        <UsageCount Value="3"/>
      </Unit59>
      <Unit60>
        <Filename Value="..\..\..\components\indy-10.2.0.3\lazarus\IdHTTP.pas"/>
        <UnitName Value="IdHTTP"/>
        <CursorPos X="14" Y="519"/>
        <TopLine Value="506"/>
        <UsageCount Value="3"/>
      </Unit60>
      <Unit61>
        <Filename Value="..\..\..\components\indy-10.2.0.3\lazarus\IdNNTP.pas"/>
        <UnitName Value="IdNNTP"/>
        <CursorPos X="3" Y="990"/>
        <TopLine Value="988"/>
        <UsageCount Value="6"/>
      </Unit61>
      <Unit62>
        <Filename Value="..\..\..\components\indy-10.2.0.3\lazarus\IdMessage.pas"/>
        <UnitName Value="IdMessage"/>
        <CursorPos X="29" Y="463"/>
        <TopLine Value="450"/>
        <UsageCount Value="6"/>
      </Unit62>
      <Unit63>
        <Filename Value="..\..\..\components\indy-10.2.0.3\lazarus\IdHeaderList.pas"/>
        <UnitName Value="IdHeaderList"/>
        <CursorPos X="3" Y="74"/>
        <TopLine Value="67"/>
        <UsageCount Value="6"/>
      </Unit63>
      <Unit64>
        <Filename Value="..\..\..\components\indy-10.2.0.3\lazarus\IdTCPConnection.pas"/>
        <UnitName Value="IdTCPConnection"/>
        <CursorPos X="33" Y="441"/>
        <TopLine Value="356"/>
        <UsageCount Value="1"/>
      </Unit64>
      <Unit65>
        <Filename Value="..\..\..\fpc\2.2.4\source\rtl\objpas\classes\classesh.inc"/>
        <CursorPos X="3" Y="497"/>
        <TopLine Value="496"/>
        <UsageCount Value="3"/>
      </Unit65>
      <Unit66>
        <Filename Value="..\Free\frm_main.pas"/>
        <ComponentName Value="frmMain"/>
        <HasResources Value="True"/>
        <ResourceBaseClass Value="Form"/>
        <UnitName Value="frm_main"/>
        <CursorPos X="45" Y="60"/>
        <TopLine Value="52"/>
        <UsageCount Value="7"/>
      </Unit66>
      <Unit67>
        <Filename Value="..\..\units\xpl\uxplcfgitem.pas"/>
        <UnitName Value="uxplcfgitem"/>
        <CursorPos X="1" Y="117"/>
        <TopLine Value="104"/>
        <UsageCount Value="5"/>
      </Unit67>
      <Unit68>
        <Filename Value="..\..\..\components\indy-10.2.0.3\lazarus\Idopc.pas"/>
        <UnitName Value="Idopc"/>
        <CursorPos X="1" Y="1882"/>
        <TopLine Value="1867"/>
        <UsageCount Value="4"/>
      </Unit68>
      <Unit69>
        <Filename Value="..\..\..\components\indy-10.2.0.3\lazarus\IdopcCommon.pas"/>
        <UnitName Value="IdopcCommon"/>
        <CursorPos X="3" Y="182"/>
        <TopLine Value="169"/>
        <UsageCount Value="3"/>
      </Unit69>
      <Unit70>
        <Filename Value="..\..\..\components\indy-10.2.0.3\lazarus\IdReplyRFC.pas"/>
        <UnitName Value="IdReplyRFC"/>
        <CursorPos X="82" Y="240"/>
        <TopLine Value="224"/>
        <UsageCount Value="4"/>
      </Unit70>
      <Unit71>
        <Filename Value="..\..\units\general\fndUtl328\System\cFileUtils.pas"/>
        <UnitName Value="cFileUtils"/>
        <CursorPos X="3" Y="474"/>
        <TopLine Value="79"/>
        <UsageCount Value="4"/>
      </Unit71>
      <Unit72>
        <Filename Value="..\Logger\frm_networksettings.pas"/>
        <ComponentName Value="frmNetworkSettings"/>
        <HasResources Value="True"/>
        <ResourceBaseClass Value="Form"/>
        <UnitName Value="frm_networksettings"/>
        <CursorPos X="53" Y="120"/>
        <TopLine Value="1"/>
        <UsageCount Value="3"/>
      </Unit72>
      <Unit73>
        <Filename Value="..\..\..\fpc\2.2.4\source\rtl\win\sysutils.pp"/>
        <UnitName Value="sysutils"/>
        <CursorPos X="1" Y="1"/>
        <TopLine Value="1"/>
        <UsageCount Value="3"/>
      </Unit73>
      <Unit74>
        <Filename Value="..\..\..\fpc\2.2.4\source\rtl\win32\system.pp"/>
        <UnitName Value="System"/>
        <CursorPos X="1" Y="1"/>
        <TopLine Value="100"/>
        <UsageCount Value="3"/>
      </Unit74>
      <Unit75>
        <Filename Value="..\..\..\lcl\filectrl.pp"/>
        <UnitName Value="FileCtrl"/>
        <CursorPos X="1" Y="1"/>
        <TopLine Value="1"/>
        <UsageCount Value="3"/>
      </Unit75>
      <Unit76>
        <Filename Value="..\..\..\fpc\2.2.4\source\rtl\objpas\sysutils\osutilsh.inc"/>
        <CursorPos X="10" Y="34"/>
        <TopLine Value="21"/>
        <UsageCount Value="3"/>
      </Unit76>
      <Unit77>
        <Filename Value="..\..\..\components\indy-10.2.0.3\lazarus\IdIcmpClient.pas"/>
        <UnitName Value="IdIcmpClient"/>
        <CursorPos X="25" Y="91"/>
        <TopLine Value="79"/>
        <UsageCount Value="15"/>
      </Unit77>
      <Unit78>
        <Filename Value="..\..\units\general\fndUtl328\Utils\cDateTime.pas"/>
        <UnitName Value="cDateTime"/>
        <CursorPos X="11" Y="188"/>
        <TopLine Value="175"/>
        <UsageCount Value="5"/>
      </Unit78>
      <Unit79>
        <Filename Value="..\weather\frm_main.pas"/>
        <ComponentName Value="frmMain"/>
        <HasResources Value="True"/>
        <ResourceBaseClass Value="Form"/>
        <UnitName Value="frm_main"/>
        <CursorPos X="47" Y="15"/>
        <TopLine Value="1"/>
        <UsageCount Value="4"/>
      </Unit79>
      <Unit80>
        <Filename Value="..\timer\frm_main.pas"/>
        <HasResources Value="True"/>
        <ResourceBaseClass Value="Form"/>
        <UnitName Value="frm_main"/>
        <CursorPos X="1" Y="243"/>
        <TopLine Value="218"/>
        <UsageCount Value="4"/>
      </Unit80>
      <Unit81>
        <Filename Value="..\Ping\frm_main.pas"/>
        <ComponentName Value="FrmMain"/>
        <HasResources Value="True"/>
        <ResourceBaseClass Value="Form"/>
        <UnitName Value="frm_main"/>
        <CursorPos X="48" Y="90"/>
        <TopLine Value="90"/>
        <UsageCount Value="3"/>
      </Unit81>
      <Unit82>
        <Filename Value="..\..\..\components\indy-10.2.0.3\lazarus\IdReply.pas"/>
        <UnitName Value="IdReply"/>
        <CursorPos X="1" Y="277"/>
        <TopLine Value="262"/>
        <UsageCount Value="6"/>
      </Unit82>
      <Unit83>
        <Filename Value="..\..\..\fpc\2.2.4\source\packages\fcl-xml\src\xmlcfg.pp"/>
        <UnitName Value="XMLCfg"/>
        <CursorPos X="26" Y="158"/>
        <TopLine Value="145"/>
        <UsageCount Value="1"/>
      </Unit83>
      <Unit84>
        <Filename Value="..\..\..\components\indy-10.2.0.3\lazarus\IdTelnetServer.pas"/>
        <UnitName Value="IdTelnetServer"/>
        <CursorPos X="32" Y="106"/>
        <TopLine Value="93"/>
        <UsageCount Value="6"/>
      </Unit84>
      <Unit85>
        <Filename Value="..\..\..\components\indy-10.2.0.3\lazarus\IdCustomTCPServer.pas"/>
        <UnitName Value="IdCustomTCPServer"/>
        <CursorPos X="3" Y="295"/>
        <TopLine Value="282"/>
        <UsageCount Value="6"/>
      </Unit85>
      <Unit86>
        <Filename Value="..\..\units\xpl\xml\u_xml_globals.pas"/>
        <IsPartOfProject Value="True"/>
        <UnitName Value="u_xml_globals"/>
        <CursorPos X="40" Y="86"/>
        <TopLine Value="74"/>
        <UsageCount Value="131"/>
      </Unit86>
      <Unit87>
        <Filename Value="..\PascalScript\uxplinterface.pas"/>
        <UnitName Value="uxplinterface"/>
        <CursorPos X="34" Y="88"/>
        <TopLine Value="62"/>
        <UsageCount Value="10"/>
      </Unit87>
      <Unit88>
        <Filename Value="..\..\units\xpl\xml\u_xml.pas"/>
        <UnitName Value="u_xml"/>
        <CursorPos X="1" Y="140"/>
        <TopLine Value="127"/>
        <EditorIndex Value="11"/>
        <UsageCount Value="44"/>
        <Loaded Value="True"/>
      </Unit88>
      <Unit89>
        <Filename Value="..\..\..\fpc\2.2.4\source\packages\fcl-xml\src\xmlread.pp"/>
        <UnitName Value="XMLRead"/>
        <CursorPos X="3" Y="3333"/>
        <TopLine Value="3333"/>
        <UsageCount Value="2"/>
      </Unit89>
      <Unit90>
        <Filename Value="..\..\..\fpc\2.2.4\source\packages\fcl-xml\src\xmlwrite.pp"/>
        <UnitName Value="XMLWrite"/>
        <CursorPos X="3" Y="367"/>
        <TopLine Value="341"/>
        <UsageCount Value="2"/>
      </Unit90>
      <Unit91>
        <Filename Value="..\..\..\fpc\2.2.4\source\packages\fcl-xml\src\dom.pp"/>
        <UnitName Value="DOM"/>
        <CursorPos X="17" Y="309"/>
        <TopLine Value="296"/>
        <EditorIndex Value="4"/>
        <UsageCount Value="17"/>
        <Loaded Value="True"/>
      </Unit91>
      <Unit92>
        <Filename Value="..\..\..\fpc\2.2.4\source\rtl\inc\objpash.inc"/>
        <CursorPos X="8" Y="94"/>
        <TopLine Value="165"/>
        <UsageCount Value="1"/>
      </Unit92>
      <Unit93>
        <Filename Value="..\..\units\xpl\xml\u_xml_events.pas"/>
        <UnitName Value="u_xml_events"/>
        <CursorPos X="61" Y="75"/>
        <TopLine Value="62"/>
        <UsageCount Value="2"/>
      </Unit93>
      <Unit94>
        <Filename Value="..\..\units\xpl\uxpltimer.pas"/>
        <UnitName Value="uxPLTimer"/>
        <CursorPos X="24" Y="525"/>
        <TopLine Value="520"/>
        <UsageCount Value="2"/>
      </Unit94>
      <Unit95>
        <Filename Value="..\..\units\xpl\uxpldeterminators.pas"/>
        <IsPartOfProject Value="True"/>
        <UnitName Value="uxpldeterminators"/>
        <CursorPos X="52" Y="68"/>
        <TopLine Value="68"/>
        <EditorIndex Value="5"/>
        <UsageCount Value="114"/>
        <Loaded Value="True"/>
      </Unit95>
      <Unit96>
        <Filename Value="..\..\units\xpl\xml\u_xml_xpldeterminator.pas"/>
        <UnitName Value="u_xml_xpldeterminator"/>
        <CursorPos X="1" Y="250"/>
        <TopLine Value="224"/>
        <EditorIndex Value="7"/>
        <UsageCount Value="38"/>
        <Loaded Value="True"/>
      </Unit96>
      <Unit97>
        <Filename Value="..\..\..\fpc\2.2.4\source\rtl\objpas\sysutils\sysutilh.inc"/>
        <CursorPos X="13" Y="182"/>
        <TopLine Value="160"/>
        <UsageCount Value="1"/>
      </Unit97>
      <Unit98>
        <Filename Value="..\..\..\fpc\2.2.4\source\rtl\win\wininc\struct.inc"/>
        <CursorPos X="22" Y="4777"/>
        <TopLine Value="4764"/>
        <UsageCount Value="1"/>
      </Unit98>
      <Unit99>
        <Filename Value="..\..\..\fpc\2.2.4\source\packages\winunits-base\src\comobj.pp"/>
        <UnitName Value="comobj"/>
        <CursorPos X="60" Y="592"/>
        <TopLine Value="579"/>
        <UsageCount Value="1"/>
      </Unit99>
      <Unit100>
        <Filename Value="..\..\..\fpc\2.2.4\source\rtl\objpas\sysutils\intfh.inc"/>
        <CursorPos X="10" Y="31"/>
        <TopLine Value="7"/>
        <UsageCount Value="1"/>
      </Unit100>
      <Unit101>
        <Filename Value="..\Logger\frm_main.pas"/>
        <ComponentName Value="FrmMain"/>
        <HasResources Value="True"/>
        <ResourceBaseClass Value="Form"/>
        <UnitName Value="frm_main"/>
        <CursorPos X="1" Y="566"/>
        <TopLine Value="540"/>
        <UsageCount Value="27"/>
      </Unit101>
      <Unit102>
        <Filename Value="..\..\..\components\indy-10.2.0.3\lazarus\IdUDPClient.pas"/>
        <UnitName Value="IdUDPClient"/>
        <CursorPos X="1" Y="331"/>
        <TopLine Value="324"/>
        <UsageCount Value="3"/>
      </Unit102>
      <Unit103>
        <Filename Value="..\..\units\xpl\uxplheader.pas"/>
        <UnitName Value="uxPLHeader"/>
        <CursorPos X="19" Y="159"/>
        <TopLine Value="133"/>
        <EditorIndex Value="6"/>
        <UsageCount Value="13"/>
        <Loaded Value="True"/>
      </Unit103>
      <Unit104>
        <Filename Value="..\..\..\lcl\controls.pp"/>
        <UnitName Value="Controls"/>
        <CursorPos X="14" Y="1372"/>
        <TopLine Value="1347"/>
        <UsageCount Value="2"/>
      </Unit104>
      <Unit105>
        <Filename Value="..\..\units\general\uHolderStringList.res"/>
        <CursorPos X="1" Y="1"/>
        <TopLine Value="1"/>
        <UsageCount Value="13"/>
        <SyntaxHighlighter Value="None"/>
      </Unit105>
      <Unit106>
        <Filename Value="..\..\units\general\uholdingstringlist.pas"/>
        <IsPartOfProject Value="True"/>
        <UnitName Value="uHoldingStringList"/>
        <CursorPos X="17" Y="55"/>
        <TopLine Value="30"/>
        <UsageCount Value="94"/>
      </Unit106>
      <Unit107>
        <Filename Value="..\..\units\general\fndUtl328\Datastructs\cDictionaries.pas"/>
        <UnitName Value="cDictionaries"/>
        <CursorPos X="1" Y="5170"/>
        <TopLine Value="5106"/>
        <UsageCount Value="7"/>
      </Unit107>
      <Unit108>
        <Filename Value="..\..\units\general\fndUtl328\Datastructs\cArrays.pas"/>
        <UnitName Value="cArrays"/>
        <CursorPos X="1" Y="5506"/>
        <TopLine Value="5475"/>
        <UsageCount Value="4"/>
      </Unit108>
      <Unit109>
        <Filename Value="..\..\..\components\indy-10.2.0.3\lazarus\IdBaseComponent.pas"/>
        <UnitName Value="IdBaseComponent"/>
        <CursorPos X="1" Y="176"/>
        <TopLine Value="163"/>
        <UsageCount Value="5"/>
      </Unit109>
      <Unit110>
        <Filename Value="..\..\..\components\indy-10.2.0.3\lazarus\IdStackWindows.pas"/>
        <UnitName Value="IdStackWindows"/>
        <CursorPos X="1" Y="753"/>
        <TopLine Value="740"/>
        <UsageCount Value="5"/>
      </Unit110>
      <Unit111>
        <Filename Value="..\..\..\fpc\2.2.4\source\packages\fcl-registry\src\registry.pp"/>
        <UnitName Value="registry"/>
        <CursorPos X="65" Y="230"/>
        <TopLine Value="1"/>
        <UsageCount Value="11"/>
      </Unit111>
      <Unit112>
        <Filename Value="u_xpl_opc.pas"/>
        <IsPartOfProject Value="True"/>
        <UnitName Value="u_xpl_opc"/>
        <CursorPos X="51" Y="38"/>
        <TopLine Value="25"/>
        <EditorIndex Value="1"/>
        <UsageCount Value="83"/>
        <Loaded Value="True"/>
      </Unit112>
      <Unit113>
        <Filename Value="..\..\..\fpc\2.2.4\source\rtl\objpas\dateutil.inc"/>
        <CursorPos X="10" Y="291"/>
        <TopLine Value="278"/>
        <UsageCount Value="4"/>
      </Unit113>
      <Unit114>
        <Filename Value="uxpldevices.pas"/>
        <IsPartOfProject Value="True"/>
        <UnitName Value="uxpldevices"/>
        <CursorPos X="8" Y="23"/>
        <TopLine Value="1"/>
        <UsageCount Value="82"/>
      </Unit114>
      <Unit115>
        <Filename Value="..\..\units\general\fndUtl328\cDefines.inc"/>
        <CursorPos X="22" Y="173"/>
        <TopLine Value="173"/>
        <UsageCount Value="7"/>
      </Unit115>
      <Unit116>
        <Filename Value="..\..\units\general\AbstractTypedList.pas"/>
        <UnitName Value="AbstractTypedList"/>
        <CursorPos X="15" Y="13"/>
        <TopLine Value="37"/>
        <UsageCount Value="5"/>
      </Unit116>
      <Unit117>
        <Filename Value="..\..\..\fpc\2.2.4\source\packages\fcl-base\src\inifiles.pp"/>
        <UnitName Value="IniFiles"/>
        <CursorPos X="1" Y="1"/>
        <TopLine Value="313"/>
        <UsageCount Value="4"/>
      </Unit117>
      <Unit118>
        <Filename Value="..\..\units\general\decal\src\decal.pas"/>
        <UnitName Value="DeCAL"/>
        <CursorPos X="1" Y="7643"/>
        <TopLine Value="7630"/>
        <UsageCount Value="37"/>
      </Unit118>
      <Unit119>
        <Filename Value="..\0.infos\xmltest\unit1.pas"/>
        <ComponentName Value="Form1"/>
        <HasResources Value="True"/>
        <ResourceBaseClass Value="Form"/>
        <UnitName Value="Unit1"/>
        <CursorPos X="29" Y="101"/>
        <TopLine Value="206"/>
        <UsageCount Value="11"/>
      </Unit119>
      <Unit120>
        <Filename Value="..\..\units\xpl\xml\u_xml_xplplugin.pas"/>
        <UnitName Value="u_xml_xplplugin"/>
        <CursorPos X="42" Y="306"/>
        <TopLine Value="287"/>
        <EditorIndex Value="10"/>
        <UsageCount Value="11"/>
        <Loaded Value="True"/>
      </Unit120>
      <Unit121>
        <Filename Value="..\..\units\xpl\xml\u_xml_xplschema_collection.pas"/>
        <UnitName Value="u_xml_xplschema_collection"/>
        <CursorPos X="6" Y="16"/>
        <TopLine Value="21"/>
        <UsageCount Value="11"/>
      </Unit121>
      <Unit122>
        <Filename Value="..\..\units\xpl\frm_xplmessage.pas"/>
        <ComponentName Value="frmxPLMessage"/>
        <HasResources Value="True"/>
        <ResourceBaseClass Value="Form"/>
        <UnitName Value="frm_xPLMessage"/>
        <CursorPos X="15" Y="10"/>
        <TopLine Value="1"/>
        <EditorIndex Value="3"/>
        <UsageCount Value="10"/>
        <Loaded Value="True"/>
      </Unit122>
    </Units>
    <JumpHistory Count="30" HistoryIndex="29">
      <Position1>
        <Filename Value="..\..\units\xpl\xml\u_xml.pas"/>
        <Caret Line="140" Column="1" TopLine="127"/>
      </Position1>
      <Position2>
        <Filename Value="..\..\units\xpl\xml\u_xml_xpldeterminator.pas"/>
        <Caret Line="217" Column="1" TopLine="204"/>
      </Position2>
      <Position3>
        <Filename Value="..\..\units\xpl\uxplmsgbody.pas"/>
        <Caret Line="187" Column="1" TopLine="174"/>
      </Position3>
      <Position4>
        <Filename Value="..\..\units\xpl\uxplmsgbody.pas"/>
        <Caret Line="188" Column="1" TopLine="175"/>
      </Position4>
      <Position5>
        <Filename Value="..\..\units\xpl\uxplmsgbody.pas"/>
        <Caret Line="189" Column="1" TopLine="176"/>
      </Position5>
      <Position6>
        <Filename Value="..\..\units\xpl\uxplmsgbody.pas"/>
        <Caret Line="190" Column="1" TopLine="177"/>
      </Position6>
      <Position7>
        <Filename Value="..\..\units\xpl\uxplmsgbody.pas"/>
        <Caret Line="191" Column="1" TopLine="178"/>
      </Position7>
      <Position8>
        <Filename Value="..\..\units\xpl\uxplmsgbody.pas"/>
        <Caret Line="192" Column="1" TopLine="179"/>
      </Position8>
      <Position9>
        <Filename Value="..\..\units\xpl\uxplmsgbody.pas"/>
        <Caret Line="193" Column="1" TopLine="180"/>
      </Position9>
      <Position10>
        <Filename Value="..\..\units\xpl\uxplmsgbody.pas"/>
        <Caret Line="230" Column="1" TopLine="217"/>
      </Position10>
      <Position11>
        <Filename Value="..\..\units\xpl\uxplmsgbody.pas"/>
        <Caret Line="277" Column="1" TopLine="264"/>
      </Position11>
      <Position12>
        <Filename Value="..\..\units\xpl\uxplmessage.pas"/>
        <Caret Line="224" Column="92" TopLine="220"/>
      </Position12>
      <Position13>
        <Filename Value="..\..\units\xpl\uxplmessage.pas"/>
        <Caret Line="245" Column="80" TopLine="227"/>
      </Position13>
      <Position14>
        <Filename Value="..\..\units\xpl\uxplmessage.pas"/>
        <Caret Line="19" Column="10" TopLine="1"/>
      </Position14>
      <Position15>
        <Filename Value="..\..\units\xpl\uxplmessage.pas"/>
        <Caret Line="237" Column="26" TopLine="220"/>
      </Position15>
      <Position16>
        <Filename Value="..\..\units\xpl\uxplmessage.pas"/>
        <Caret Line="235" Column="15" TopLine="222"/>
      </Position16>
      <Position17>
        <Filename Value="..\..\units\xpl\xml\u_xml_xpldeterminator.pas"/>
        <Caret Line="82" Column="76" TopLine="68"/>
      </Position17>
      <Position18>
        <Filename Value="u_xpl_opc.pas"/>
        <Caret Line="192" Column="1" TopLine="179"/>
      </Position18>
      <Position19>
        <Filename Value="u_xpl_opc.pas"/>
        <Caret Line="34" Column="43" TopLine="21"/>
      </Position19>
      <Position20>
        <Filename Value="u_xpl_opc.pas"/>
        <Caret Line="222" Column="4" TopLine="209"/>
      </Position20>
      <Position21>
        <Filename Value="..\..\units\xpl\uxplmessage.pas"/>
        <Caret Line="235" Column="15" TopLine="222"/>
      </Position21>
      <Position22>
        <Filename Value="..\..\units\xpl\uxplmessage.pas"/>
        <Caret Line="247" Column="19" TopLine="225"/>
      </Position22>
      <Position23>
        <Filename Value="..\..\units\xpl\uxplmsgbody.pas"/>
        <Caret Line="275" Column="33" TopLine="264"/>
      </Position23>
      <Position24>
        <Filename Value="..\..\units\xpl\uxplmsgbody.pas"/>
        <Caret Line="18" Column="27" TopLine="1"/>
      </Position24>
      <Position25>
        <Filename Value="..\..\units\xpl\uxplmsgbody.pas"/>
        <Caret Line="48" Column="13" TopLine="22"/>
      </Position25>
      <Position26>
        <Filename Value="..\..\units\xpl\uxplmsgbody.pas"/>
        <Caret Line="49" Column="70" TopLine="31"/>
      </Position26>
      <Position27>
        <Filename Value="..\..\units\xpl\uxplmsgbody.pas"/>
        <Caret Line="141" Column="1" TopLine="128"/>
      </Position27>
      <Position28>
        <Filename Value="..\..\units\xpl\uxplmsgbody.pas"/>
        <Caret Line="24" Column="31" TopLine="13"/>
      </Position28>
      <Position29>
        <Filename Value="u_xpl_opc.pas"/>
        <Caret Line="198" Column="63" TopLine="189"/>
      </Position29>
      <Position30>
        <Filename Value="u_xpl_opc.pas"/>
        <Caret Line="193" Column="1" TopLine="180"/>
      </Position30>
    </JumpHistory>
  </ProjectOptions>
  <CompilerOptions>
    <Version Value="8"/>
    <PathDelim Value="\"/>
    <SearchPaths>
      <IncludeFiles Value="$(ProjOutDir)\;$(LazarusDir)\components\indy-10.2.0.3\lazarus\"/>
      <Libraries Value="C:\lazarus\components\indy-10.2.0.3\lazarus\"/>
      <OtherUnitFiles Value="$(LazarusDir)\components\log4delphi-0.7\src\delphi\;E:\00.Apps\lazarus\SVN\units\general\decal\src\;E:\00.Apps\lazarus\SVN\units\xpl\xml\;$(LazarusDir)\components\log4delphi-0.7\src\delphi\util\;$(LazarusDir)\components\indy-10.2.0.3\lazarus\;$(LazarusDir)\svn\units\general\fndUtl328\Utils\;$(LazarusDir)\svn\units\general\RegExpr\;$(LazarusDir)\svn\units\general\indy\;$(LazarusDir)\svn\units\general\fndUtl328\Datastructs\;$(LazarusDir)\svn\units\xpl\;$(LazarusDir)\svn\units\general\"/>
      <UnitOutputDirectory Value="C:\Lazout"/>
    </SearchPaths>
    <Parsing>
      <SyntaxOptions>
        <CStyleOperator Value="False"/>
      </SyntaxOptions>
    </Parsing>
    <Linking>
      <Options>
        <Win32>
          <GraphicApplication Value="True"/>
        </Win32>
      </Options>
    </Linking>
    <Other>
      <CompilerPath Value="$(CompPath)"/>
    </Other>
  </CompilerOptions>
  <Debugging>
    <Watches Count="4">
      <Item1>
        <Expression Value="Match[1]"/>
      </Item1>
      <Item2>
        <Expression Value="aRawXPL"/>
      </Item2>
      <Item3>
        <Expression Value="Stream.size"/>
        <Enabled Value="False"/>
      </Item3>
      <Item4>
        <Expression Value="aPageContent*"/>
        <Enabled Value="False"/>
      </Item4>
    </Watches>
    <Exceptions Count="9">
      <Item1>
        <Name Value="EAbort"/>
      </Item1>
      <Item2>
        <Name Value="ECodetoolError"/>
      </Item2>
      <Item3>
        <Name Value="EFOpenError"/>
      </Item3>
      <Item4>
        <Name Value="EIdSocketError"/>
      </Item4>
      <Item5>
        <Name Value="EIdConnClosedGracefully"/>
      </Item5>
      <Item6>
        <Name Value="EIdReplyRFCError"/>
      </Item6>
      <Item7>
        <Name Value="Exception"/>
      </Item7>
      <Item8>
        <Name Value="EConvertError"/>
      </Item8>
      <Item9>
        <Name Value="EIdNotConnected"/>
      </Item9>
    </Exceptions>
  </Debugging>
</CONFIG>
